
Microsoft Visual Studio Solution File, Format Version 12.00
# Visual Studio Version 17
VisualStudioVersion = 17.6.33815.320
MinimumVisualStudioVersion = 10.0.40219.1
Project("{FAE04EC0-301F-11D3-BF4B-00C04F79EFBC}") = "BackEnd_TCC_ETEC", "BackEnd_TCC_ETEC\BackEnd_TCC_ETEC.csproj", "{2268A871-F4FC-4BAD-90E9-8EE21B5F4BE0}"
EndProject
Global
	GlobalSection(SolutionConfigurationPlatforms) = preSolution
		Debug|Any CPU = Debug|Any CPU
		Release|Any CPU = Release|Any CPU
	EndGlobalSection
	GlobalSection(ProjectConfigurationPlatforms) = postSolution
		{2268A871-F4FC-4BAD-90E9-8EE21B5F4BE0}.Debug|Any CPU.ActiveCfg = Debug|Any CPU
		{2268A871-F4FC-4BAD-90E9-8EE21B5F4BE0}.Debug|Any CPU.Build.0 = Debug|Any CPU
		{2268A871-F4FC-4BAD-90E9-8EE21B5F4BE0}.Release|Any CPU.ActiveCfg = Release|Any CPU
		{2268A871-F4FC-4BAD-90E9-8EE21B5F4BE0}.Release|Any CPU.Build.0 = Release|Any CPU
	EndGlobalSection
	GlobalSection(SolutionProperties) = preSolution
		HideSolutionNode = FALSE
	EndGlobalSection
	GlobalSection(ExtensibilityGlobals) = postSolution
		SolutionGuid = {F1892150-4B98-4E7F-826B-0960B3F0EA57}
	EndGlobalSection
EndGlobal
